
Microsoft Visual Studio Solution File, Format Version 12.00
# Visual Studio Version 16
VisualStudioVersion = 16.0.32630.194
MinimumVisualStudioVersion = 10.0.40219.1
Project("{FAE04EC0-301F-11D3-BF4B-00C04F79EFBC}") = "Floppa Clicker", "Floppa Clicker\Floppa Clicker.csproj", "{48CCDFC0-26C5-4BA2-BA85-5BB515CFF0FE}"
EndProject
Global
	GlobalSection(SolutionConfigurationPlatforms) = preSolution
		Debug|Any CPU = Debug|Any CPU
		Release|Any CPU = Release|Any CPU
	EndGlobalSection
	GlobalSection(ProjectConfigurationPlatforms) = postSolution
		{48CCDFC0-26C5-4BA2-BA85-5BB515CFF0FE}.Debug|Any CPU.ActiveCfg = Debug|Any CPU
		{48CCDFC0-26C5-4BA2-BA85-5BB515CFF0FE}.Debug|Any CPU.Build.0 = Debug|Any CPU
		{48CCDFC0-26C5-4BA2-BA85-5BB515CFF0FE}.Release|Any CPU.ActiveCfg = Release|Any CPU
		{48CCDFC0-26C5-4BA2-BA85-5BB515CFF0FE}.Release|Any CPU.Build.0 = Release|Any CPU
	EndGlobalSection
	GlobalSection(SolutionProperties) = preSolution
		HideSolutionNode = FALSE
	EndGlobalSection
	GlobalSection(ExtensibilityGlobals) = postSolution
		SolutionGuid = {027AA26A-44A1-47E5-9258-E07FA2B48788}
	EndGlobalSection
EndGlobal
